
Microsoft Visual Studio Solution File, Format Version 12.00
# Visual Studio 14
VisualStudioVersion = 14.0.24720.0
MinimumVisualStudioVersion = 10.0.40219.1
Project("{FAE04EC0-301F-11D3-BF4B-00C04F79EFBC}") = "Microsoft.VisualStudio.Threading.Downlevel", "Microsoft.VisualStudio.Threading.Downlevel\Microsoft.VisualStudio.Threading.Downlevel.csproj", "{2B6B07E7-924C-4FC4-BC4E-5EE7B3E0CF7A}"
EndProject
Project("{2150E333-8FDC-42A3-9474-1A3956D46DE8}") = "Solution Items", "Solution Items", "{1C4D39D6-DC32-424C-B65C-40B19955F4A0}"
	ProjectSection(SolutionItems) = preProject
		..\..\.gitignore = ..\..\.gitignore
		..\..\nuget.config = ..\..\nuget.config
		version.json = version.json
	EndProjectSection
EndProject
Project("{FAE04EC0-301F-11D3-BF4B-00C04F79EFBC}") = "Microsoft.VisualStudio.Threading.VSPackage", "Microsoft.VisualStudio.Threading.VSPackage\Microsoft.VisualStudio.Threading.VSPackage.csproj", "{E5897396-86E5-4E2C-972E-8BC96E98952B}"
EndProject
Project("{930C7802-8A8C-48F9-8165-68863BCCD9DD}") = "Microsoft.VisualStudio.Threading.Downlevel.WixLib", "Microsoft.VisualStudio.Threading.Downlevel.WixLib\Microsoft.VisualStudio.Threading.Downlevel.WixLib.wixproj", "{C049E32E-B230-40A9-A2EE-75B1FA1C5254}"
EndProject
Project("{930C7802-8A8C-48F9-8165-68863BCCD9DD}") = "Microsoft.VisualStudio.Threading.Downlevel.SampleMSI", "Microsoft.VisualStudio.Threading.Downlevel.SampleMSI\Microsoft.VisualStudio.Threading.Downlevel.SampleMSI.wixproj", "{27175C0F-8995-494F-BB06-3FEEDEF8EEA3}"
EndProject
Project("{FF286327-C783-4F7A-AB73-9BCBAD0D4460}") = "Microsoft.VisualStudio.Threading.DownlevelInstaller", "Microsoft.VisualStudio.Threading.DownlevelInstaller\Microsoft.VisualStudio.Threading.DownlevelInstaller.nuproj", "{EDAC1426-F65C-466C-A73A-06D05CACCD97}"
EndProject
Global
	GlobalSection(SolutionConfigurationPlatforms) = preSolution
		Debug|x86 = Debug|x86
		Release|x86 = Release|x86
	EndGlobalSection
	GlobalSection(ProjectConfigurationPlatforms) = postSolution
		{2B6B07E7-924C-4FC4-BC4E-5EE7B3E0CF7A}.Debug|x86.ActiveCfg = Debug|Any CPU
		{2B6B07E7-924C-4FC4-BC4E-5EE7B3E0CF7A}.Debug|x86.Build.0 = Debug|Any CPU
		{2B6B07E7-924C-4FC4-BC4E-5EE7B3E0CF7A}.Release|x86.ActiveCfg = Release|Any CPU
		{2B6B07E7-924C-4FC4-BC4E-5EE7B3E0CF7A}.Release|x86.Build.0 = Release|Any CPU
		{E5897396-86E5-4E2C-972E-8BC96E98952B}.Debug|x86.ActiveCfg = Debug|Any CPU
		{E5897396-86E5-4E2C-972E-8BC96E98952B}.Debug|x86.Build.0 = Debug|Any CPU
		{E5897396-86E5-4E2C-972E-8BC96E98952B}.Release|x86.ActiveCfg = Release|Any CPU
		{E5897396-86E5-4E2C-972E-8BC96E98952B}.Release|x86.Build.0 = Release|Any CPU
		{C049E32E-B230-40A9-A2EE-75B1FA1C5254}.Debug|x86.ActiveCfg = Debug|x86
		{C049E32E-B230-40A9-A2EE-75B1FA1C5254}.Debug|x86.Build.0 = Debug|x86
		{C049E32E-B230-40A9-A2EE-75B1FA1C5254}.Release|x86.ActiveCfg = Release|x86
		{C049E32E-B230-40A9-A2EE-75B1FA1C5254}.Release|x86.Build.0 = Release|x86
		{27175C0F-8995-494F-BB06-3FEEDEF8EEA3}.Debug|x86.ActiveCfg = Debug|x86
		{27175C0F-8995-494F-BB06-3FEEDEF8EEA3}.Debug|x86.Build.0 = Debug|x86
		{27175C0F-8995-494F-BB06-3FEEDEF8EEA3}.Release|x86.ActiveCfg = Release|x86
		{27175C0F-8995-494F-BB06-3FEEDEF8EEA3}.Release|x86.Build.0 = Release|x86
		{EDAC1426-F65C-466C-A73A-06D05CACCD97}.Debug|x86.ActiveCfg = Debug|Any CPU
		{EDAC1426-F65C-466C-A73A-06D05CACCD97}.Debug|x86.Build.0 = Debug|Any CPU
		{EDAC1426-F65C-466C-A73A-06D05CACCD97}.Release|x86.ActiveCfg = Release|Any CPU
		{EDAC1426-F65C-466C-A73A-06D05CACCD97}.Release|x86.Build.0 = Release|Any CPU
	EndGlobalSection
	GlobalSection(SolutionProperties) = preSolution
		HideSolutionNode = FALSE
	EndGlobalSection
EndGlobal
