
Microsoft Visual Studio Solution File, Format Version 12.00
# Visual Studio 14
VisualStudioVersion = 14.0.23103.0
MinimumVisualStudioVersion = 10.0.40219.1
Project("{FAE04EC0-301F-11D3-BF4B-00C04F79EFBC}") = "Microsoft.VisualStudio.Threading", "Microsoft.VisualStudio.Threading\Microsoft.VisualStudio.Threading.csproj", "{2C0DFFBD-49C8-4F12-A964-E3096AD4C7F4}"
EndProject
Project("{FAE04EC0-301F-11D3-BF4B-00C04F79EFBC}") = "Microsoft.VisualStudio.Threading.Tests", "Microsoft.VisualStudio.Threading.Tests\Microsoft.VisualStudio.Threading.Tests.csproj", "{7B8BF2E6-7D7B-4F4E-B1A4-B08312F6294F}"
EndProject
Project("{13B669BE-BB05-4DDF-9536-439F39A36129}") = "Microsoft.VisualStudio.Threading.NuGet", "Microsoft.VisualStudio.Threading.NuGet\Microsoft.VisualStudio.Threading.NuGet.nuproj", "{C51ACF4A-3E2C-44B2-99FC-1A838518C690}"
EndProject
Project("{2150E333-8FDC-42A3-9474-1A3956D46DE8}") = ".nuget", ".nuget", "{616BF0FC-6D6E-406A-B029-28C871D02F61}"
	ProjectSection(SolutionItems) = preProject
		.nuget\packages.config = .nuget\packages.config
	EndProjectSection
EndProject
Project("{FAE04EC0-301F-11D3-BF4B-00C04F79EFBC}") = "Microsoft.VisualStudio.Threading.Analyzers", "Microsoft.VisualStudio.Threading.Analyzers\Microsoft.VisualStudio.Threading.Analyzers.csproj", "{536F3F9A-B457-43B8-BC93-CE1C16959037}"
EndProject
Project("{FAE04EC0-301F-11D3-BF4B-00C04F79EFBC}") = "Microsoft.VisualStudio.Threading.Analyzers.Tests", "Microsoft.VisualStudio.Threading.Analyzers.Tests\Microsoft.VisualStudio.Threading.Analyzers.Tests.csproj", "{620ED702-B6DA-4454-BF3E-5494D3652724}"
EndProject
Project("{FF286327-C783-4F7A-AB73-9BCBAD0D4460}") = "Microsoft.VisualStudio.Threading.Analyzers.NuGet", "Microsoft.VisualStudio.Threading.Analyzers.NuGet\Microsoft.VisualStudio.Threading.Analyzers.NuGet.nuproj", "{D539B066-BAF1-4F8B-8088-8AE1AA75F34C}"
EndProject
Project("{2150E333-8FDC-42A3-9474-1A3956D46DE8}") = "Solution Items", "Solution Items", "{AA091F9F-B40A-466F-B09F-22EAD115996F}"
	ProjectSection(SolutionItems) = preProject
		..\EnlistmentInfo.props = ..\EnlistmentInfo.props
		..\EnlistmentInfo.targets = ..\EnlistmentInfo.targets
		..\nuget.config = ..\nuget.config
	EndProjectSection
EndProject
Global
	GlobalSection(SolutionConfigurationPlatforms) = preSolution
		Debug|Any CPU = Debug|Any CPU
		Release|Any CPU = Release|Any CPU
	EndGlobalSection
	GlobalSection(ProjectConfigurationPlatforms) = postSolution
		{2C0DFFBD-49C8-4F12-A964-E3096AD4C7F4}.Debug|Any CPU.ActiveCfg = Debug|Any CPU
		{2C0DFFBD-49C8-4F12-A964-E3096AD4C7F4}.Debug|Any CPU.Build.0 = Debug|Any CPU
		{2C0DFFBD-49C8-4F12-A964-E3096AD4C7F4}.Release|Any CPU.ActiveCfg = Release|Any CPU
		{2C0DFFBD-49C8-4F12-A964-E3096AD4C7F4}.Release|Any CPU.Build.0 = Release|Any CPU
		{7B8BF2E6-7D7B-4F4E-B1A4-B08312F6294F}.Debug|Any CPU.ActiveCfg = Debug|Any CPU
		{7B8BF2E6-7D7B-4F4E-B1A4-B08312F6294F}.Debug|Any CPU.Build.0 = Debug|Any CPU
		{7B8BF2E6-7D7B-4F4E-B1A4-B08312F6294F}.Release|Any CPU.ActiveCfg = Release|Any CPU
		{7B8BF2E6-7D7B-4F4E-B1A4-B08312F6294F}.Release|Any CPU.Build.0 = Release|Any CPU
		{C51ACF4A-3E2C-44B2-99FC-1A838518C690}.Debug|Any CPU.ActiveCfg = Debug|Any CPU
		{C51ACF4A-3E2C-44B2-99FC-1A838518C690}.Debug|Any CPU.Build.0 = Debug|Any CPU
		{C51ACF4A-3E2C-44B2-99FC-1A838518C690}.Release|Any CPU.ActiveCfg = Release|Any CPU
		{C51ACF4A-3E2C-44B2-99FC-1A838518C690}.Release|Any CPU.Build.0 = Release|Any CPU
		{536F3F9A-B457-43B8-BC93-CE1C16959037}.Debug|Any CPU.ActiveCfg = Debug|Any CPU
		{536F3F9A-B457-43B8-BC93-CE1C16959037}.Debug|Any CPU.Build.0 = Debug|Any CPU
		{536F3F9A-B457-43B8-BC93-CE1C16959037}.Release|Any CPU.ActiveCfg = Release|Any CPU
		{536F3F9A-B457-43B8-BC93-CE1C16959037}.Release|Any CPU.Build.0 = Release|Any CPU
		{620ED702-B6DA-4454-BF3E-5494D3652724}.Debug|Any CPU.ActiveCfg = Debug|Any CPU
		{620ED702-B6DA-4454-BF3E-5494D3652724}.Debug|Any CPU.Build.0 = Debug|Any CPU
		{620ED702-B6DA-4454-BF3E-5494D3652724}.Release|Any CPU.ActiveCfg = Release|Any CPU
		{620ED702-B6DA-4454-BF3E-5494D3652724}.Release|Any CPU.Build.0 = Release|Any CPU
		{D539B066-BAF1-4F8B-8088-8AE1AA75F34C}.Debug|Any CPU.ActiveCfg = Debug|Any CPU
		{D539B066-BAF1-4F8B-8088-8AE1AA75F34C}.Debug|Any CPU.Build.0 = Debug|Any CPU
		{D539B066-BAF1-4F8B-8088-8AE1AA75F34C}.Release|Any CPU.ActiveCfg = Release|Any CPU
		{D539B066-BAF1-4F8B-8088-8AE1AA75F34C}.Release|Any CPU.Build.0 = Release|Any CPU
	EndGlobalSection
	GlobalSection(SolutionProperties) = preSolution
		HideSolutionNode = FALSE
	EndGlobalSection
EndGlobal
