
Microsoft Visual Studio Solution File, Format Version 12.00
# Visual Studio 15
VisualStudioVersion = 15.0.26718.0
MinimumVisualStudioVersion = 10.0.40219.1
Project("{9A19103F-16F7-4668-BE54-9A1E7A4F7556}") = "Microsoft.VisualStudio.Threading.Analyzers", "Microsoft.VisualStudio.Threading.Analyzers\Microsoft.VisualStudio.Threading.Analyzers.csproj", "{536F3F9A-B457-43B8-BC93-CE1C16959037}"
EndProject
Project("{9A19103F-16F7-4668-BE54-9A1E7A4F7556}") = "Microsoft.VisualStudio.Threading.Analyzers.Tests", "Microsoft.VisualStudio.Threading.Analyzers.Tests\Microsoft.VisualStudio.Threading.Analyzers.Tests.csproj", "{620ED702-B6DA-4454-BF3E-5494D3652724}"
EndProject
Project("{2150E333-8FDC-42A3-9474-1A3956D46DE8}") = "Solution Items", "Solution Items", "{AA091F9F-B40A-466F-B09F-22EAD115996F}"
	ProjectSection(SolutionItems) = preProject
		.editorconfig = .editorconfig
		..\appveyor.yml = ..\appveyor.yml
		Directory.Build.props = Directory.Build.props
		..\nuget.config = ..\nuget.config
		stylecop.json = stylecop.json
		version.json = version.json
	EndProjectSection
EndProject
Project("{9A19103F-16F7-4668-BE54-9A1E7A4F7556}") = "Microsoft.VisualStudio.Threading.Tests.Win7RegistryWatcher", "Microsoft.VisualStudio.Threading.Tests.Win7RegistryWatcher\Microsoft.VisualStudio.Threading.Tests.Win7RegistryWatcher.csproj", "{4961AA84-088C-46C0-BAC0-F9E87A9F03A7}"
EndProject
Project("{9A19103F-16F7-4668-BE54-9A1E7A4F7556}") = "Microsoft.VisualStudio.Threading", "Microsoft.VisualStudio.Threading\Microsoft.VisualStudio.Threading.csproj", "{D9BB9FB6-3833-44E8-B7A7-DE729FCE214D}"
EndProject
Project("{9A19103F-16F7-4668-BE54-9A1E7A4F7556}") = "Microsoft.VisualStudio.Threading.Tests", "Microsoft.VisualStudio.Threading.Tests\Microsoft.VisualStudio.Threading.Tests.csproj", "{CBEDB102-ABAE-40B1-AF3F-A6226DB6713D}"
EndProject
Project("{FAE04EC0-301F-11D3-BF4B-00C04F79EFBC}") = "IsolatedTestHost", "IsolatedTestHost\IsolatedTestHost.csproj", "{BA4643D8-E6B2-4DED-882F-4827F3AB6AB0}"
EndProject
Global
	GlobalSection(SolutionConfigurationPlatforms) = preSolution
		Debug|Any CPU = Debug|Any CPU
		Release|Any CPU = Release|Any CPU
	EndGlobalSection
	GlobalSection(ProjectConfigurationPlatforms) = postSolution
		{536F3F9A-B457-43B8-BC93-CE1C16959037}.Debug|Any CPU.ActiveCfg = Debug|Any CPU
		{536F3F9A-B457-43B8-BC93-CE1C16959037}.Debug|Any CPU.Build.0 = Debug|Any CPU
		{536F3F9A-B457-43B8-BC93-CE1C16959037}.Release|Any CPU.ActiveCfg = Release|Any CPU
		{536F3F9A-B457-43B8-BC93-CE1C16959037}.Release|Any CPU.Build.0 = Release|Any CPU
		{620ED702-B6DA-4454-BF3E-5494D3652724}.Debug|Any CPU.ActiveCfg = Debug|Any CPU
		{620ED702-B6DA-4454-BF3E-5494D3652724}.Debug|Any CPU.Build.0 = Debug|Any CPU
		{620ED702-B6DA-4454-BF3E-5494D3652724}.Release|Any CPU.ActiveCfg = Release|Any CPU
		{620ED702-B6DA-4454-BF3E-5494D3652724}.Release|Any CPU.Build.0 = Release|Any CPU
		{4961AA84-088C-46C0-BAC0-F9E87A9F03A7}.Debug|Any CPU.ActiveCfg = Debug|Any CPU
		{4961AA84-088C-46C0-BAC0-F9E87A9F03A7}.Debug|Any CPU.Build.0 = Debug|Any CPU
		{4961AA84-088C-46C0-BAC0-F9E87A9F03A7}.Release|Any CPU.ActiveCfg = Release|Any CPU
		{4961AA84-088C-46C0-BAC0-F9E87A9F03A7}.Release|Any CPU.Build.0 = Release|Any CPU
		{D9BB9FB6-3833-44E8-B7A7-DE729FCE214D}.Debug|Any CPU.ActiveCfg = Debug|Any CPU
		{D9BB9FB6-3833-44E8-B7A7-DE729FCE214D}.Debug|Any CPU.Build.0 = Debug|Any CPU
		{D9BB9FB6-3833-44E8-B7A7-DE729FCE214D}.Release|Any CPU.ActiveCfg = Release|Any CPU
		{D9BB9FB6-3833-44E8-B7A7-DE729FCE214D}.Release|Any CPU.Build.0 = Release|Any CPU
		{CBEDB102-ABAE-40B1-AF3F-A6226DB6713D}.Debug|Any CPU.ActiveCfg = Debug|Any CPU
		{CBEDB102-ABAE-40B1-AF3F-A6226DB6713D}.Debug|Any CPU.Build.0 = Debug|Any CPU
		{CBEDB102-ABAE-40B1-AF3F-A6226DB6713D}.Release|Any CPU.ActiveCfg = Release|Any CPU
		{CBEDB102-ABAE-40B1-AF3F-A6226DB6713D}.Release|Any CPU.Build.0 = Release|Any CPU
		{BA4643D8-E6B2-4DED-882F-4827F3AB6AB0}.Debug|Any CPU.ActiveCfg = Debug|Any CPU
		{BA4643D8-E6B2-4DED-882F-4827F3AB6AB0}.Debug|Any CPU.Build.0 = Debug|Any CPU
		{BA4643D8-E6B2-4DED-882F-4827F3AB6AB0}.Release|Any CPU.ActiveCfg = Release|Any CPU
		{BA4643D8-E6B2-4DED-882F-4827F3AB6AB0}.Release|Any CPU.Build.0 = Release|Any CPU
	EndGlobalSection
	GlobalSection(SolutionProperties) = preSolution
		HideSolutionNode = FALSE
	EndGlobalSection
	GlobalSection(ExtensibilityGlobals) = postSolution
		SolutionGuid = {E2124DFF-970E-4BA1-9E50-3ADB0AABF347}
	EndGlobalSection
EndGlobal
